
Microsoft Visual Studio Solution File, Format Version 12.00
# Visual Studio Version 17
VisualStudioVersion = 17.9.34902.65
MinimumVisualStudioVersion = 10.0.40219.1
Project("{FAE04EC0-301F-11D3-BF4B-00C04F79EFBC}") = "Esempio2", "Esempio2\Esempio2.csproj", "{0806A227-4E58-4AA3-96FF-48700290E4F3}"
EndProject
Global
	GlobalSection(SolutionConfigurationPlatforms) = preSolution
		Debug|Any CPU = Debug|Any CPU
		Release|Any CPU = Release|Any CPU
	EndGlobalSection
	GlobalSection(ProjectConfigurationPlatforms) = postSolution
		{0806A227-4E58-4AA3-96FF-48700290E4F3}.Debug|Any CPU.ActiveCfg = Debug|Any CPU
		{0806A227-4E58-4AA3-96FF-48700290E4F3}.Debug|Any CPU.Build.0 = Debug|Any CPU
		{0806A227-4E58-4AA3-96FF-48700290E4F3}.Release|Any CPU.ActiveCfg = Release|Any CPU
		{0806A227-4E58-4AA3-96FF-48700290E4F3}.Release|Any CPU.Build.0 = Release|Any CPU
	EndGlobalSection
	GlobalSection(SolutionProperties) = preSolution
		HideSolutionNode = FALSE
	EndGlobalSection
	GlobalSection(ExtensibilityGlobals) = postSolution
		SolutionGuid = {BDC82989-5D14-4377-B444-A75E13AAB717}
	EndGlobalSection
EndGlobal
